// !$*UTF8*$!
{
	archiveVersion = 1;
	classes = {
	};
	objectVersion = 50;
	objects = {

/* Begin PBXBuildFile section */
		B63298422223D8E800570A99 /* AppDelegate.swift in Sources */ = {isa = PBXBuildFile; fileRef = B63298412223D8E800570A99 /* AppDelegate.swift */; };
		B63298472223D8E800570A99 /* Main.storyboard in Resources */ = {isa = PBXBuildFile; fileRef = B63298452223D8E800570A99 /* Main.storyboard */; };
		B63298492223D8E900570A99 /* Assets.xcassets in Resources */ = {isa = PBXBuildFile; fileRef = B63298482223D8E900570A99 /* Assets.xcassets */; };
		B632984C2223D8E900570A99 /* LaunchScreen.storyboard in Resources */ = {isa = PBXBuildFile; fileRef = B632984A2223D8E900570A99 /* LaunchScreen.storyboard */; };
		B63298572223D8E900570A99 /* testTests.swift in Sources */ = {isa = PBXBuildFile; fileRef = B63298562223D8E900570A99 /* testTests.swift */; };
		B63298622223D8E900570A99 /* testUITests.swift in Sources */ = {isa = PBXBuildFile; fileRef = B63298612223D8E900570A99 /* testUITests.swift */; };
		B657A5E62228FE99007DF2C5 /* PlanetSystem.swift in Sources */ = {isa = PBXBuildFile; fileRef = B657A5E52228FE99007DF2C5 /* PlanetSystem.swift */; };
		B657A5E822290433007DF2C5 /* Planet.swift in Sources */ = {isa = PBXBuildFile; fileRef = B657A5E722290433007DF2C5 /* Planet.swift */; };
		B657A5EC22294337007DF2C5 /* PlanetNameVC.swift in Sources */ = {isa = PBXBuildFile; fileRef = B657A5EB22294337007DF2C5 /* PlanetNameVC.swift */; };
		B6D188BB2229AC7B005540A4 /* ViewController.swift in Sources */ = {isa = PBXBuildFile; fileRef = B6D188BA2229AC7B005540A4 /* ViewController.swift */; };
/* End PBXBuildFile section */

/* Begin PBXContainerItemProxy section */
		B63298532223D8E900570A99 /* PBXContainerItemProxy */ = {
			isa = PBXContainerItemProxy;
			containerPortal = B63298362223D8E800570A99 /* Project object */;
			proxyType = 1;
			remoteGlobalIDString = B632983D2223D8E800570A99;
			remoteInfo = test;
		};
		B632985E2223D8E900570A99 /* PBXContainerItemProxy */ = {
			isa = PBXContainerItemProxy;
			containerPortal = B63298362223D8E800570A99 /* Project object */;
			proxyType = 1;
			remoteGlobalIDString = B632983D2223D8E800570A99;
			remoteInfo = test;
		};
/* End PBXContainerItemProxy section */

/* Begin PBXFileReference section */
		B632983E2223D8E800570A99 /* test.app */ = {isa = PBXFileReference; explicitFileType = wrapper.application; includeInIndex = 0; path = test.app; sourceTree = BUILT_PRODUCTS_DIR; };
		B63298412223D8E800570A99 /* AppDelegate.swift */ = {isa = PBXFileReference; lastKnownFileType = sourcecode.swift; path = AppDelegate.swift; sourceTree = "<group>"; };
		B63298462223D8E800570A99 /* Base */ = {isa = PBXFileReference; lastKnownFileType = file.storyboard; name = Base; path = Base.lproj/Main.storyboard; sourceTree = "<group>"; };
		B63298482223D8E900570A99 /* Assets.xcassets */ = {isa = PBXFileReference; lastKnownFileType = folder.assetcatalog; path = Assets.xcassets; sourceTree = "<group>"; };
		B632984B2223D8E900570A99 /* Base */ = {isa = PBXFileReference; lastKnownFileType = file.storyboard; name = Base; path = Base.lproj/LaunchScreen.storyboard; sourceTree = "<group>"; };
		B632984D2223D8E900570A99 /* Info.plist */ = {isa = PBXFileReference; lastKnownFileType = text.plist.xml; path = Info.plist; sourceTree = "<group>"; };
		B63298522223D8E900570A99 /* testTests.xctest */ = {isa = PBXFileReference; explicitFileType = wrapper.cfbundle; includeInIndex = 0; path = testTests.xctest; sourceTree = BUILT_PRODUCTS_DIR; };
		B63298562223D8E900570A99 /* testTests.swift */ = {isa = PBXFileReference; lastKnownFileType = sourcecode.swift; path = testTests.swift; sourceTree = "<group>"; };
		B63298582223D8E900570A99 /* Info.plist */ = {isa = PBXFileReference; lastKnownFileType = text.plist.xml; path = Info.plist; sourceTree = "<group>"; };
		B632985D2223D8E900570A99 /* testUITests.xctest */ = {isa = PBXFileReference; explicitFileType = wrapper.cfbundle; includeInIndex = 0; path = testUITests.xctest; sourceTree = BUILT_PRODUCTS_DIR; };
		B63298612223D8E900570A99 /* testUITests.swift */ = {isa = PBXFileReference; lastKnownFileType = sourcecode.swift; path = testUITests.swift; sourceTree = "<group>"; };
		B63298632223D8E900570A99 /* Info.plist */ = {isa = PBXFileReference; lastKnownFileType = text.plist.xml; path = Info.plist; sourceTree = "<group>"; };
		B657A5E52228FE99007DF2C5 /* PlanetSystem.swift */ = {isa = PBXFileReference; lastKnownFileType = sourcecode.swift; path = PlanetSystem.swift; sourceTree = "<group>"; };
		B657A5E722290433007DF2C5 /* Planet.swift */ = {isa = PBXFileReference; lastKnownFileType = sourcecode.swift; path = Planet.swift; sourceTree = "<group>"; };
		B657A5EB22294337007DF2C5 /* PlanetNameVC.swift */ = {isa = PBXFileReference; lastKnownFileType = sourcecode.swift; path = PlanetNameVC.swift; sourceTree = "<group>"; };
		B6D188BA2229AC7B005540A4 /* ViewController.swift */ = {isa = PBXFileReference; lastKnownFileType = sourcecode.swift; path = ViewController.swift; sourceTree = "<group>"; };
/* End PBXFileReference section */

/* Begin PBXFrameworksBuildPhase section */
		B632983B2223D8E800570A99 /* Frameworks */ = {
			isa = PBXFrameworksBuildPhase;
			buildActionMask = 2147483647;
			files = (
			);
			runOnlyForDeploymentPostprocessing = 0;
		};
		B632984F2223D8E900570A99 /* Frameworks */ = {
			isa = PBXFrameworksBuildPhase;
			buildActionMask = 2147483647;
			files = (
			);
			runOnlyForDeploymentPostprocessing = 0;
		};
		B632985A2223D8E900570A99 /* Frameworks */ = {
			isa = PBXFrameworksBuildPhase;
			buildActionMask = 2147483647;
			files = (
			);
			runOnlyForDeploymentPostprocessing = 0;
		};
/* End PBXFrameworksBuildPhase section */

/* Begin PBXGroup section */
		B63298352223D8E800570A99 = {
			isa = PBXGroup;
			children = (
				B63298402223D8E800570A99 /* test */,
				B63298552223D8E900570A99 /* testTests */,
				B63298602223D8E900570A99 /* testUITests */,
				B632983F2223D8E800570A99 /* Products */,
			);
			sourceTree = "<group>";
		};
		B632983F2223D8E800570A99 /* Products */ = {
			isa = PBXGroup;
			children = (
				B632983E2223D8E800570A99 /* test.app */,
				B63298522223D8E900570A99 /* testTests.xctest */,
				B632985D2223D8E900570A99 /* testUITests.xctest */,
			);
			name = Products;
			sourceTree = "<group>";
		};
		B63298402223D8E800570A99 /* test */ = {
			isa = PBXGroup;
			children = (
				B63298412223D8E800570A99 /* AppDelegate.swift */,
				B63298452223D8E800570A99 /* Main.storyboard */,
				B657A5E52228FE99007DF2C5 /* PlanetSystem.swift */,
				B657A5E722290433007DF2C5 /* Planet.swift */,
				B63298482223D8E900570A99 /* Assets.xcassets */,
				B632984A2223D8E900570A99 /* LaunchScreen.storyboard */,
				B632984D2223D8E900570A99 /* Info.plist */,
				B657A5EB22294337007DF2C5 /* PlanetNameVC.swift */,
				B6D188BA2229AC7B005540A4 /* ViewController.swift */,
			);
			path = test;
			sourceTree = "<group>";
		};
		B63298552223D8E900570A99 /* testTests */ = {
			isa = PBXGroup;
			children = (
				B63298562223D8E900570A99 /* testTests.swift */,
				B63298582223D8E900570A99 /* Info.plist */,
			);
			path = testTests;
			sourceTree = "<group>";
		};
		B63298602223D8E900570A99 /* testUITests */ = {
			isa = PBXGroup;
			children = (
				B63298612223D8E900570A99 /* testUITests.swift */,
				B63298632223D8E900570A99 /* Info.plist */,
			);
			path = testUITests;
			sourceTree = "<group>";
		};
/* End PBXGroup section */

/* Begin PBXNativeTarget section */
		B632983D2223D8E800570A99 /* test */ = {
			isa = PBXNativeTarget;
			buildConfigurationList = B63298662223D8E900570A99 /* Build configuration list for PBXNativeTarget "test" */;
			buildPhases = (
				B632983A2223D8E800570A99 /* Sources */,
				B632983B2223D8E800570A99 /* Frameworks */,
				B632983C2223D8E800570A99 /* Resources */,
			);
			buildRules = (
			);
			dependencies = (
			);
			name = test;
			productName = test;
			productReference = B632983E2223D8E800570A99 /* test.app */;
			productType = "com.apple.product-type.application";
		};
		B63298512223D8E900570A99 /* testTests */ = {
			isa = PBXNativeTarget;
			buildConfigurationList = B63298692223D8E900570A99 /* Build configuration list for PBXNativeTarget "testTests" */;
			buildPhases = (
				B632984E2223D8E900570A99 /* Sources */,
				B632984F2223D8E900570A99 /* Frameworks */,
				B63298502223D8E900570A99 /* Resources */,
			);
			buildRules = (
			);
			dependencies = (
				B63298542223D8E900570A99 /* PBXTargetDependency */,
			);
			name = testTests;
			productName = testTests;
			productReference = B63298522223D8E900570A99 /* testTests.xctest */;
			productType = "com.apple.product-type.bundle.unit-test";
		};
		B632985C2223D8E900570A99 /* testUITests */ = {
			isa = PBXNativeTarget;
			buildConfigurationList = B632986C2223D8E900570A99 /* Build configuration list for PBXNativeTarget "testUITests" */;
			buildPhases = (
				B63298592223D8E900570A99 /* Sources */,
				B632985A2223D8E900570A99 /* Frameworks */,
				B632985B2223D8E900570A99 /* Resources */,
			);
			buildRules = (
			);
			dependencies = (
				B632985F2223D8E900570A99 /* PBXTargetDependency */,
			);
			name = testUITests;
			productName = testUITests;
			productReference = B632985D2223D8E900570A99 /* testUITests.xctest */;
			productType = "com.apple.product-type.bundle.ui-testing";
		};
/* End PBXNativeTarget section */

/* Begin PBXProject section */
		B63298362223D8E800570A99 /* Project object */ = {
			isa = PBXProject;
			attributes = {
				LastSwiftUpdateCheck = 1010;
				LastUpgradeCheck = 1010;
				ORGANIZATIONNAME = Snow;
				TargetAttributes = {
					B632983D2223D8E800570A99 = {
						CreatedOnToolsVersion = 10.1;
					};
					B63298512223D8E900570A99 = {
						CreatedOnToolsVersion = 10.1;
						TestTargetID = B632983D2223D8E800570A99;
					};
					B632985C2223D8E900570A99 = {
						CreatedOnToolsVersion = 10.1;
						TestTargetID = B632983D2223D8E800570A99;
					};
				};
			};
			buildConfigurationList = B63298392223D8E800570A99 /* Build configuration list for PBXProject "test" */;
			compatibilityVersion = "Xcode 9.3";
			developmentRegion = en;
			hasScannedForEncodings = 0;
			knownRegions = (
				en,
				Base,
			);
			mainGroup = B63298352223D8E800570A99;
			productRefGroup = B632983F2223D8E800570A99 /* Products */;
			projectDirPath = "";
			projectRoot = "";
			targets = (
				B632983D2223D8E800570A99 /* test */,
				B63298512223D8E900570A99 /* testTests */,
				B632985C2223D8E900570A99 /* testUITests */,
			);
		};
/* End PBXProject section */

/* Begin PBXResourcesBuildPhase section */
		B632983C2223D8E800570A99 /* Resources */ = {
			isa = PBXResourcesBuildPhase;
			buildActionMask = 2147483647;
			files = (
				B632984C2223D8E900570A99 /* LaunchScreen.storyboard in Resources */,
				B63298492223D8E900570A99 /* Assets.xcassets in Resources */,
				B63298472223D8E800570A99 /* Main.storyboard in Resources */,
			);
			runOnlyForDeploymentPostprocessing = 0;
		};
		B63298502223D8E900570A99 /* Resources */ = {
			isa = PBXResourcesBuildPhase;
			buildActionMask = 2147483647;
			files = (
			);
			runOnlyForDeploymentPostprocessing = 0;
		};
		B632985B2223D8E900570A99 /* Resources */ = {
			isa = PBXResourcesBuildPhase;
			buildActionMask = 2147483647;
			files = (
			);
			runOnlyForDeploymentPostprocessing = 0;
		};
/* End PBXResourcesBuildPhase section */

/* Begin PBXSourcesBuildPhase section */
		B632983A2223D8E800570A99 /* Sources */ = {
			isa = PBXSourcesBuildPhase;
			buildActionMask = 2147483647;
			files = (
				B6D188BB2229AC7B005540A4 /* ViewController.swift in Sources */,
				B63298422223D8E800570A99 /* AppDelegate.swift in Sources */,
				B657A5E62228FE99007DF2C5 /* PlanetSystem.swift in Sources */,
				B657A5E822290433007DF2C5 /* Planet.swift in Sources */,
				B657A5EC22294337007DF2C5 /* PlanetNameVC.swift in Sources */,
			);
			runOnlyForDeploymentPostprocessing = 0;
		};
		B632984E2223D8E900570A99 /* Sources */ = {
			isa = PBXSourcesBuildPhase;
			buildActionMask = 2147483647;
			files = (
				B63298572223D8E900570A99 /* testTests.swift in Sources */,
			);
			runOnlyForDeploymentPostprocessing = 0;
		};
		B63298592223D8E900570A99 /* Sources */ = {
			isa = PBXSourcesBuildPhase;
			buildActionMask = 2147483647;
			files = (
				B63298622223D8E900570A99 /* testUITests.swift in Sources */,
			);
			runOnlyForDeploymentPostprocessing = 0;
		};
/* End PBXSourcesBuildPhase section */

/* Begin PBXTargetDependency section */
		B63298542223D8E900570A99 /* PBXTargetDependency */ = {
			isa = PBXTargetDependency;
			target = B632983D2223D8E800570A99 /* test */;
			targetProxy = B63298532223D8E900570A99 /* PBXContainerItemProxy */;
		};
		B632985F2223D8E900570A99 /* PBXTargetDependency */ = {
			isa = PBXTargetDependency;
			target = B632983D2223D8E800570A99 /* test */;
			targetProxy = B632985E2223D8E900570A99 /* PBXContainerItemProxy */;
		};
/* End PBXTargetDependency section */

/* Begin PBXVariantGroup section */
		B63298452223D8E800570A99 /* Main.storyboard */ = {
			isa = PBXVariantGroup;
			children = (
				B63298462223D8E800570A99 /* Base */,
			);
			name = Main.storyboard;
			sourceTree = "<group>";
		};
		B632984A2223D8E900570A99 /* LaunchScreen.storyboard */ = {
			isa = PBXVariantGroup;
			children = (
				B632984B2223D8E900570A99 /* Base */,
			);
			name = LaunchScreen.storyboard;
			sourceTree = "<group>";
		};
/* End PBXVariantGroup section */

/* Begin XCBuildConfiguration section */
		B63298642223D8E900570A99 /* Debug */ = {
			isa = XCBuildConfiguration;
			buildSettings = {
				ALWAYS_SEARCH_USER_PATHS = NO;
				CLANG_ANALYZER_NONNULL = YES;
				CLANG_ANALYZER_NUMBER_OBJECT_CONVERSION = YES_AGGRESSIVE;
				CLANG_CXX_LANGUAGE_STANDARD = "gnu++14";
				CLANG_CXX_LIBRARY = "libc++";
				CLANG_ENABLE_MODULES = YES;
				CLANG_ENABLE_OBJC_ARC = YES;
				CLANG_ENABLE_OBJC_WEAK = YES;
				CLANG_WARN_BLOCK_CAPTURE_AUTORELEASING = YES;
				CLANG_WARN_BOOL_CONVERSION = YES;
				CLANG_WARN_COMMA = YES;
				CLANG_WARN_CONSTANT_CONVERSION = YES;
				CLANG_WARN_DEPRECATED_OBJC_IMPLEMENTATIONS = YES;
				CLANG_WARN_DIRECT_OBJC_ISA_USAGE = YES_ERROR;
				CLANG_WARN_DOCUMENTATION_COMMENTS = YES;
				CLANG_WARN_EMPTY_BODY = YES;
				CLANG_WARN_ENUM_CONVERSION = YES;
				CLANG_WARN_INFINITE_RECURSION = YES;
				CLANG_WARN_INT_CONVERSION = YES;
				CLANG_WARN_NON_LITERAL_NULL_CONVERSION = YES;
				CLANG_WARN_OBJC_IMPLICIT_RETAIN_SELF = YES;
				CLANG_WARN_OBJC_LITERAL_CONVERSION = YES;
				CLANG_WARN_OBJC_ROOT_CLASS = YES_ERROR;
				CLANG_WARN_RANGE_LOOP_ANALYSIS = YES;
				CLANG_WARN_STRICT_PROTOTYPES = YES;
				CLANG_WARN_SUSPICIOUS_MOVE = YES;
				CLANG_WARN_UNGUARDED_AVAILABILITY = YES_AGGRESSIVE;
				CLANG_WARN_UNREACHABLE_CODE = YES;
				CLANG_WARN__DUPLICATE_METHOD_MATCH = YES;
				CODE_SIGN_IDENTITY = "iPhone Developer";
				COPY_PHASE_STRIP = NO;
				DEBUG_INFORMATION_FORMAT = dwarf;
				ENABLE_STRICT_OBJC_MSGSEND = YES;
				ENABLE_TESTABILITY = YES;
				GCC_C_LANGUAGE_STANDARD = gnu11;
				GCC_DYNAMIC_NO_PIC = NO;
				GCC_NO_COMMON_BLOCKS = YES;
				GCC_OPTIMIZATION_LEVEL = 0;
				GCC_PREPROCESSOR_DEFINITIONS = (
					"DEBUG=1",
					"$(inherited)",
				);
				GCC_WARN_64_TO_32_BIT_CONVERSION = YES;
				GCC_WARN_ABOUT_RETURN_TYPE = YES_ERROR;
				GCC_WARN_UNDECLARED_SELECTOR = YES;
				GCC_WARN_UNINITIALIZED_AUTOS = YES_AGGRESSIVE;
				GCC_WARN_UNUSED_FUNCTION = YES;
				GCC_WARN_UNUSED_VARIABLE = YES;
				IPHONEOS_DEPLOYMENT_TARGET = 12.1;
				MTL_ENABLE_DEBUG_INFO = INCLUDE_SOURCE;
				MTL_FAST_MATH = YES;
				ONLY_ACTIVE_ARCH = YES;
				SDKROOT = iphoneos;
				SWIFT_ACTIVE_COMPILATION_CONDITIONS = DEBUG;
				SWIFT_OPTIMIZATION_LEVEL = "-Onone";
			};
			name = Debug;
		};
		B63298652223D8E900570A99 /* Release */ = {
			isa = XCBuildConfiguration;
			buildSettings = {
				ALWAYS_SEARCH_USER_PATHS = NO;
				CLANG_ANALYZER_NONNULL = YES;
				CLANG_ANALYZER_NUMBER_OBJECT_CONVERSION = YES_AGGRESSIVE;
				CLANG_CXX_LANGUAGE_STANDARD = "gnu++14";
				CLANG_CXX_LIBRARY = "libc++";
				CLANG_ENABLE_MODULES = YES;
				CLANG_ENABLE_OBJC_ARC = YES;
				CLANG_ENABLE_OBJC_WEAK = YES;
				CLANG_WARN_BLOCK_CAPTURE_AUTORELEASING = YES;
				CLANG_WARN_BOOL_CONVERSION = YES;
				CLANG_WARN_COMMA = YES;
				CLANG_WARN_CONSTANT_CONVERSION = YES;
				CLANG_WARN_DEPRECATED_OBJC_IMPLEMENTATIONS = YES;
				CLANG_WARN_DIRECT_OBJC_ISA_USAGE = YES_ERROR;
				CLANG_WARN_DOCUMENTATION_COMMENTS = YES;
				CLANG_WARN_EMPTY_BODY = YES;
				CLANG_WARN_ENUM_CONVERSION = YES;
				CLANG_WARN_INFINITE_RECURSION = YES;
				CLANG_WARN_INT_CONVERSION = YES;
				CLANG_WARN_NON_LITERAL_NULL_CONVERSION = YES;
				CLANG_WARN_OBJC_IMPLICIT_RETAIN_SELF = YES;
				CLANG_WARN_OBJC_LITERAL_CONVERSION = YES;
				CLANG_WARN_OBJC_ROOT_CLASS = YES_ERROR;
				CLANG_WARN_RANGE_LOOP_ANALYSIS = YES;
				CLANG_WARN_STRICT_PROTOTYPES = YES;
				CLANG_WARN_SUSPICIOUS_MOVE = YES;
				CLANG_WARN_UNGUARDED_AVAILABILITY = YES_AGGRESSIVE;
				CLANG_WARN_UNREACHABLE_CODE = YES;
				CLANG_WARN__DUPLICATE_METHOD_MATCH = YES;
				CODE_SIGN_IDENTITY = "iPhone Developer";
				COPY_PHASE_STRIP = NO;
				DEBUG_INFORMATION_FORMAT = "dwarf-with-dsym";
				ENABLE_NS_ASSERTIONS = NO;
				ENABLE_STRICT_OBJC_MSGSEND = YES;
				GCC_C_LANGUAGE_STANDARD = gnu11;
				GCC_NO_COMMON_BLOCKS = YES;
				GCC_WARN_64_TO_32_BIT_CONVERSION = YES;
				GCC_WARN_ABOUT_RETURN_TYPE = YES_ERROR;
				GCC_WARN_UNDECLARED_SELECTOR = YES;
				GCC_WARN_UNINITIALIZED_AUTOS = YES_AGGRESSIVE;
				GCC_WARN_UNUSED_FUNCTION = YES;
				GCC_WARN_UNUSED_VARIABLE = YES;
				IPHONEOS_DEPLOYMENT_TARGET = 12.1;
				MTL_ENABLE_DEBUG_INFO = NO;
				MTL_FAST_MATH = YES;
				SDKROOT = iphoneos;
				SWIFT_COMPILATION_MODE = wholemodule;
				SWIFT_OPTIMIZATION_LEVEL = "-O";
				VALIDATE_PRODUCT = YES;
			};
			name = Release;
		};
		B63298672223D8E900570A99 /* Debug */ = {
			isa = XCBuildConfiguration;
			buildSettings = {
				ASSETCATALOG_COMPILER_APPICON_NAME = AppIcon;
				CODE_SIGN_STYLE = Automatic;
				DEVELOPMENT_TEAM = CSK32X7ZQ9;
				INFOPLIST_FILE = test/Info.plist;
				LD_RUNPATH_SEARCH_PATHS = (
					"$(inherited)",
					"@executable_path/Frameworks",
				);
				PRODUCT_BUNDLE_IDENTIFIER = com.snowmo.test;
				PRODUCT_NAME = "$(TARGET_NAME)";
				SWIFT_VERSION = 4.2;
				TARGETED_DEVICE_FAMILY = "1,2";
			};
			name = Debug;
		};
		B63298682223D8E900570A99 /* Release */ = {
			isa = XCBuildConfiguration;
			buildSettings = {
				ASSETCATALOG_COMPILER_APPICON_NAME = AppIcon;
				CODE_SIGN_STYLE = Automatic;
				DEVELOPMENT_TEAM = CSK32X7ZQ9;
				INFOPLIST_FILE = test/Info.plist;
				LD_RUNPATH_SEARCH_PATHS = (
					"$(inherited)",
					"@executable_path/Frameworks",
				);
				PRODUCT_BUNDLE_IDENTIFIER = com.snowmo.test;
				PRODUCT_NAME = "$(TARGET_NAME)";
				SWIFT_VERSION = 4.2;
				TARGETED_DEVICE_FAMILY = "1,2";
			};
			name = Release;
		};
		B632986A2223D8E900570A99 /* Debug */ = {
			isa = XCBuildConfiguration;
			buildSettings = {
				ALWAYS_EMBED_SWIFT_STANDARD_LIBRARIES = YES;
				BUNDLE_LOADER = "$(TEST_HOST)";
				CODE_SIGN_STYLE = Automatic;
				DEVELOPMENT_TEAM = CSK32X7ZQ9;
				INFOPLIST_FILE = testTests/Info.plist;
				LD_RUNPATH_SEARCH_PATHS = (
					"$(inherited)",
					"@executable_path/Frameworks",
					"@loader_path/Frameworks",
				);
				PRODUCT_BUNDLE_IDENTIFIER = com.snow.testTests;
				PRODUCT_NAME = "$(TARGET_NAME)";
				SWIFT_VERSION = 4.2;
				TARGETED_DEVICE_FAMILY = "1,2";
				TEST_HOST = "$(BUILT_PRODUCTS_DIR)/test.app/test";
			};
			name = Debug;
		};
		B632986B2223D8E900570A99 /* Release */ = {
			isa = XCBuildConfiguration;
			buildSettings = {
				ALWAYS_EMBED_SWIFT_STANDARD_LIBRARIES = YES;
				BUNDLE_LOADER = "$(TEST_HOST)";
				CODE_SIGN_STYLE = Automatic;
				DEVELOPMENT_TEAM = CSK32X7ZQ9;
				INFOPLIST_FILE = testTests/Info.plist;
				LD_RUNPATH_SEARCH_PATHS = (
					"$(inherited)",
					"@executable_path/Frameworks",
					"@loader_path/Frameworks",
				);
				PRODUCT_BUNDLE_IDENTIFIER = com.snow.testTests;
				PRODUCT_NAME = "$(TARGET_NAME)";
				SWIFT_VERSION = 4.2;
				TARGETED_DEVICE_FAMILY = "1,2";
				TEST_HOST = "$(BUILT_PRODUCTS_DIR)/test.app/test";
			};
			name = Release;
		};
		B632986D2223D8E900570A99 /* Debug */ = {
			isa = XCBuildConfiguration;
			buildSettings = {
				ALWAYS_EMBED_SWIFT_STANDARD_LIBRARIES = YES;
				CODE_SIGN_STYLE = Automatic;
				DEVELOPMENT_TEAM = CSK32X7ZQ9;
				INFOPLIST_FILE = testUITests/Info.plist;
				LD_RUNPATH_SEARCH_PATHS = (
					"$(inherited)",
					"@executable_path/Frameworks",
					"@loader_path/Frameworks",
				);
				PRODUCT_BUNDLE_IDENTIFIER = com.snow.testUITests;
				PRODUCT_NAME = "$(TARGET_NAME)";
				SWIFT_VERSION = 4.2;
				TARGETED_DEVICE_FAMILY = "1,2";
				TEST_TARGET_NAME = test;
			};
			name = Debug;
		};
		B632986E2223D8E900570A99 /* Release */ = {
			isa = XCBuildConfiguration;
			buildSettings = {
				ALWAYS_EMBED_SWIFT_STANDARD_LIBRARIES = YES;
				CODE_SIGN_STYLE = Automatic;
				DEVELOPMENT_TEAM = CSK32X7ZQ9;
				INFOPLIST_FILE = testUITests/Info.plist;
				LD_RUNPATH_SEARCH_PATHS = (
					"$(inherited)",
					"@executable_path/Frameworks",
					"@loader_path/Frameworks",
				);
				PRODUCT_BUNDLE_IDENTIFIER = com.snow.testUITests;
				PRODUCT_NAME = "$(TARGET_NAME)";
				SWIFT_VERSION = 4.2;
				TARGETED_DEVICE_FAMILY = "1,2";
				TEST_TARGET_NAME = test;
			};
			name = Release;
		};
/* End XCBuildConfiguration section */

/* Begin XCConfigurationList section */
		B63298392223D8E800570A99 /* Build configuration list for PBXProject "test" */ = {
			isa = XCConfigurationList;
			buildConfigurations = (
				B63298642223D8E900570A99 /* Debug */,
				B63298652223D8E900570A99 /* Release */,
			);
			defaultConfigurationIsVisible = 0;
			defaultConfigurationName = Release;
		};
		B63298662223D8E900570A99 /* Build configuration list for PBXNativeTarget "test" */ = {
			isa = XCConfigurationList;
			buildConfigurations = (
				B63298672223D8E900570A99 /* Debug */,
				B63298682223D8E900570A99 /* Release */,
			);
			defaultConfigurationIsVisible = 0;
			defaultConfigurationName = Release;
		};
		B63298692223D8E900570A99 /* Build configuration list for PBXNativeTarget "testTests" */ = {
			isa = XCConfigurationList;
			buildConfigurations = (
				B632986A2223D8E900570A99 /* Debug */,
				B632986B2223D8E900570A99 /* Release */,
			);
			defaultConfigurationIsVisible = 0;
			defaultConfigurationName = Release;
		};
		B632986C2223D8E900570A99 /* Build configuration list for PBXNativeTarget "testUITests" */ = {
			isa = XCConfigurationList;
			buildConfigurations = (
				B632986D2223D8E900570A99 /* Debug */,
				B632986E2223D8E900570A99 /* Release */,
			);
			defaultConfigurationIsVisible = 0;
			defaultConfigurationName = Release;
		};
/* End XCConfigurationList section */
	};
	rootObject = B63298362223D8E800570A99 /* Project object */;
}
