// !$*UTF8*$!
{
	archiveVersion = 1;
	classes = {
	};
	objectVersion = 50;
	objects = {

/* Begin PBXBuildFile section */
		B62BD4EB22BF5464002561CB /* AppDelegate.swift in Sources */ = {isa = PBXBuildFile; fileRef = B62BD4EA22BF5464002561CB /* AppDelegate.swift */; };
		B62BD4ED22BF5464002561CB /* ViewController.swift in Sources */ = {isa = PBXBuildFile; fileRef = B62BD4EC22BF5464002561CB /* ViewController.swift */; };
		B62BD4F022BF5464002561CB /* Main.storyboard in Resources */ = {isa = PBXBuildFile; fileRef = B62BD4EE22BF5464002561CB /* Main.storyboard */; };
		B62BD4F322BF5464002561CB /* IBTest.xcdatamodeld in Sources */ = {isa = PBXBuildFile; fileRef = B62BD4F122BF5464002561CB /* IBTest.xcdatamodeld */; };
		B62BD4F522BF5465002561CB /* Assets.xcassets in Resources */ = {isa = PBXBuildFile; fileRef = B62BD4F422BF5465002561CB /* Assets.xcassets */; };
		B62BD4F822BF5465002561CB /* LaunchScreen.storyboard in Resources */ = {isa = PBXBuildFile; fileRef = B62BD4F622BF5465002561CB /* LaunchScreen.storyboard */; };
/* End PBXBuildFile section */

/* Begin PBXFileReference section */
		B62BD4E722BF5464002561CB /* IBTest.app */ = {isa = PBXFileReference; explicitFileType = wrapper.application; includeInIndex = 0; path = IBTest.app; sourceTree = BUILT_PRODUCTS_DIR; };
		B62BD4EA22BF5464002561CB /* AppDelegate.swift */ = {isa = PBXFileReference; lastKnownFileType = sourcecode.swift; path = AppDelegate.swift; sourceTree = "<group>"; };
		B62BD4EC22BF5464002561CB /* ViewController.swift */ = {isa = PBXFileReference; lastKnownFileType = sourcecode.swift; path = ViewController.swift; sourceTree = "<group>"; };
		B62BD4EF22BF5464002561CB /* Base */ = {isa = PBXFileReference; lastKnownFileType = file.storyboard; name = Base; path = Base.lproj/Main.storyboard; sourceTree = "<group>"; };
		B62BD4F222BF5464002561CB /* IBTest.xcdatamodel */ = {isa = PBXFileReference; lastKnownFileType = wrapper.xcdatamodel; path = IBTest.xcdatamodel; sourceTree = "<group>"; };
		B62BD4F422BF5465002561CB /* Assets.xcassets */ = {isa = PBXFileReference; lastKnownFileType = folder.assetcatalog; path = Assets.xcassets; sourceTree = "<group>"; };
		B62BD4F722BF5465002561CB /* Base */ = {isa = PBXFileReference; lastKnownFileType = file.storyboard; name = Base; path = Base.lproj/LaunchScreen.storyboard; sourceTree = "<group>"; };
		B62BD4F922BF5465002561CB /* Info.plist */ = {isa = PBXFileReference; lastKnownFileType = text.plist.xml; path = Info.plist; sourceTree = "<group>"; };
/* End PBXFileReference section */

/* Begin PBXFrameworksBuildPhase section */
		B62BD4E422BF5464002561CB /* Frameworks */ = {
			isa = PBXFrameworksBuildPhase;
			buildActionMask = 2147483647;
			files = (
			);
			runOnlyForDeploymentPostprocessing = 0;
		};
/* End PBXFrameworksBuildPhase section */

/* Begin PBXGroup section */
		B62BD4DE22BF5464002561CB = {
			isa = PBXGroup;
			children = (
				B62BD4E922BF5464002561CB /* IBTest */,
				B62BD4E822BF5464002561CB /* Products */,
			);
			sourceTree = "<group>";
		};
		B62BD4E822BF5464002561CB /* Products */ = {
			isa = PBXGroup;
			children = (
				B62BD4E722BF5464002561CB /* IBTest.app */,
			);
			name = Products;
			sourceTree = "<group>";
		};
		B62BD4E922BF5464002561CB /* IBTest */ = {
			isa = PBXGroup;
			children = (
				B62BD4EA22BF5464002561CB /* AppDelegate.swift */,
				B62BD4EC22BF5464002561CB /* ViewController.swift */,
				B62BD4EE22BF5464002561CB /* Main.storyboard */,
				B62BD4F422BF5465002561CB /* Assets.xcassets */,
				B62BD4F622BF5465002561CB /* LaunchScreen.storyboard */,
				B62BD4F922BF5465002561CB /* Info.plist */,
				B62BD4F122BF5464002561CB /* IBTest.xcdatamodeld */,
			);
			path = IBTest;
			sourceTree = "<group>";
		};
/* End PBXGroup section */

/* Begin PBXNativeTarget section */
		B62BD4E622BF5464002561CB /* IBTest */ = {
			isa = PBXNativeTarget;
			buildConfigurationList = B62BD4FC22BF5465002561CB /* Build configuration list for PBXNativeTarget "IBTest" */;
			buildPhases = (
				B62BD4E322BF5464002561CB /* Sources */,
				B62BD4E422BF5464002561CB /* Frameworks */,
				B62BD4E522BF5464002561CB /* Resources */,
			);
			buildRules = (
			);
			dependencies = (
			);
			name = IBTest;
			productName = IBTest;
			productReference = B62BD4E722BF5464002561CB /* IBTest.app */;
			productType = "com.apple.product-type.application";
		};
/* End PBXNativeTarget section */

/* Begin PBXProject section */
		B62BD4DF22BF5464002561CB /* Project object */ = {
			isa = PBXProject;
			attributes = {
				LastSwiftUpdateCheck = 1020;
				LastUpgradeCheck = 1020;
				ORGANIZATIONNAME = Snow;
				TargetAttributes = {
					B62BD4E622BF5464002561CB = {
						CreatedOnToolsVersion = 10.2.1;
					};
				};
			};
			buildConfigurationList = B62BD4E222BF5464002561CB /* Build configuration list for PBXProject "IBTest" */;
			compatibilityVersion = "Xcode 9.3";
			developmentRegion = en;
			hasScannedForEncodings = 0;
			knownRegions = (
				en,
				Base,
			);
			mainGroup = B62BD4DE22BF5464002561CB;
			productRefGroup = B62BD4E822BF5464002561CB /* Products */;
			projectDirPath = "";
			projectRoot = "";
			targets = (
				B62BD4E622BF5464002561CB /* IBTest */,
			);
		};
/* End PBXProject section */

/* Begin PBXResourcesBuildPhase section */
		B62BD4E522BF5464002561CB /* Resources */ = {
			isa = PBXResourcesBuildPhase;
			buildActionMask = 2147483647;
			files = (
				B62BD4F822BF5465002561CB /* LaunchScreen.storyboard in Resources */,
				B62BD4F522BF5465002561CB /* Assets.xcassets in Resources */,
				B62BD4F022BF5464002561CB /* Main.storyboard in Resources */,
			);
			runOnlyForDeploymentPostprocessing = 0;
		};
/* End PBXResourcesBuildPhase section */

/* Begin PBXSourcesBuildPhase section */
		B62BD4E322BF5464002561CB /* Sources */ = {
			isa = PBXSourcesBuildPhase;
			buildActionMask = 2147483647;
			files = (
				B62BD4ED22BF5464002561CB /* ViewController.swift in Sources */,
				B62BD4F322BF5464002561CB /* IBTest.xcdatamodeld in Sources */,
				B62BD4EB22BF5464002561CB /* AppDelegate.swift in Sources */,
			);
			runOnlyForDeploymentPostprocessing = 0;
		};
/* End PBXSourcesBuildPhase section */

/* Begin PBXVariantGroup section */
		B62BD4EE22BF5464002561CB /* Main.storyboard */ = {
			isa = PBXVariantGroup;
			children = (
				B62BD4EF22BF5464002561CB /* Base */,
			);
			name = Main.storyboard;
			sourceTree = "<group>";
		};
		B62BD4F622BF5465002561CB /* LaunchScreen.storyboard */ = {
			isa = PBXVariantGroup;
			children = (
				B62BD4F722BF5465002561CB /* Base */,
			);
			name = LaunchScreen.storyboard;
			sourceTree = "<group>";
		};
/* End PBXVariantGroup section */

/* Begin XCBuildConfiguration section */
		B62BD4FA22BF5465002561CB /* Debug */ = {
			isa = XCBuildConfiguration;
			buildSettings = {
				ALWAYS_SEARCH_USER_PATHS = NO;
				CLANG_ANALYZER_NONNULL = YES;
				CLANG_ANALYZER_NUMBER_OBJECT_CONVERSION = YES_AGGRESSIVE;
				CLANG_CXX_LANGUAGE_STANDARD = "gnu++14";
				CLANG_CXX_LIBRARY = "libc++";
				CLANG_ENABLE_MODULES = YES;
				CLANG_ENABLE_OBJC_ARC = YES;
				CLANG_ENABLE_OBJC_WEAK = YES;
				CLANG_WARN_BLOCK_CAPTURE_AUTORELEASING = YES;
				CLANG_WARN_BOOL_CONVERSION = YES;
				CLANG_WARN_COMMA = YES;
				CLANG_WARN_CONSTANT_CONVERSION = YES;
				CLANG_WARN_DEPRECATED_OBJC_IMPLEMENTATIONS = YES;
				CLANG_WARN_DIRECT_OBJC_ISA_USAGE = YES_ERROR;
				CLANG_WARN_DOCUMENTATION_COMMENTS = YES;
				CLANG_WARN_EMPTY_BODY = YES;
				CLANG_WARN_ENUM_CONVERSION = YES;
				CLANG_WARN_INFINITE_RECURSION = YES;
				CLANG_WARN_INT_CONVERSION = YES;
				CLANG_WARN_NON_LITERAL_NULL_CONVERSION = YES;
				CLANG_WARN_OBJC_IMPLICIT_RETAIN_SELF = YES;
				CLANG_WARN_OBJC_LITERAL_CONVERSION = YES;
				CLANG_WARN_OBJC_ROOT_CLASS = YES_ERROR;
				CLANG_WARN_RANGE_LOOP_ANALYSIS = YES;
				CLANG_WARN_STRICT_PROTOTYPES = YES;
				CLANG_WARN_SUSPICIOUS_MOVE = YES;
				CLANG_WARN_UNGUARDED_AVAILABILITY = YES_AGGRESSIVE;
				CLANG_WARN_UNREACHABLE_CODE = YES;
				CLANG_WARN__DUPLICATE_METHOD_MATCH = YES;
				CODE_SIGN_IDENTITY = "iPhone Developer";
				COPY_PHASE_STRIP = NO;
				DEBUG_INFORMATION_FORMAT = dwarf;
				ENABLE_STRICT_OBJC_MSGSEND = YES;
				ENABLE_TESTABILITY = YES;
				GCC_C_LANGUAGE_STANDARD = gnu11;
				GCC_DYNAMIC_NO_PIC = NO;
				GCC_NO_COMMON_BLOCKS = YES;
				GCC_OPTIMIZATION_LEVEL = 0;
				GCC_PREPROCESSOR_DEFINITIONS = (
					"DEBUG=1",
					"$(inherited)",
				);
				GCC_WARN_64_TO_32_BIT_CONVERSION = YES;
				GCC_WARN_ABOUT_RETURN_TYPE = YES_ERROR;
				GCC_WARN_UNDECLARED_SELECTOR = YES;
				GCC_WARN_UNINITIALIZED_AUTOS = YES_AGGRESSIVE;
				GCC_WARN_UNUSED_FUNCTION = YES;
				GCC_WARN_UNUSED_VARIABLE = YES;
				IPHONEOS_DEPLOYMENT_TARGET = 12.2;
				MTL_ENABLE_DEBUG_INFO = INCLUDE_SOURCE;
				MTL_FAST_MATH = YES;
				ONLY_ACTIVE_ARCH = YES;
				SDKROOT = iphoneos;
				SWIFT_ACTIVE_COMPILATION_CONDITIONS = DEBUG;
				SWIFT_OPTIMIZATION_LEVEL = "-Onone";
			};
			name = Debug;
		};
		B62BD4FB22BF5465002561CB /* Release */ = {
			isa = XCBuildConfiguration;
			buildSettings = {
				ALWAYS_SEARCH_USER_PATHS = NO;
				CLANG_ANALYZER_NONNULL = YES;
				CLANG_ANALYZER_NUMBER_OBJECT_CONVERSION = YES_AGGRESSIVE;
				CLANG_CXX_LANGUAGE_STANDARD = "gnu++14";
				CLANG_CXX_LIBRARY = "libc++";
				CLANG_ENABLE_MODULES = YES;
				CLANG_ENABLE_OBJC_ARC = YES;
				CLANG_ENABLE_OBJC_WEAK = YES;
				CLANG_WARN_BLOCK_CAPTURE_AUTORELEASING = YES;
				CLANG_WARN_BOOL_CONVERSION = YES;
				CLANG_WARN_COMMA = YES;
				CLANG_WARN_CONSTANT_CONVERSION = YES;
				CLANG_WARN_DEPRECATED_OBJC_IMPLEMENTATIONS = YES;
				CLANG_WARN_DIRECT_OBJC_ISA_USAGE = YES_ERROR;
				CLANG_WARN_DOCUMENTATION_COMMENTS = YES;
				CLANG_WARN_EMPTY_BODY = YES;
				CLANG_WARN_ENUM_CONVERSION = YES;
				CLANG_WARN_INFINITE_RECURSION = YES;
				CLANG_WARN_INT_CONVERSION = YES;
				CLANG_WARN_NON_LITERAL_NULL_CONVERSION = YES;
				CLANG_WARN_OBJC_IMPLICIT_RETAIN_SELF = YES;
				CLANG_WARN_OBJC_LITERAL_CONVERSION = YES;
				CLANG_WARN_OBJC_ROOT_CLASS = YES_ERROR;
				CLANG_WARN_RANGE_LOOP_ANALYSIS = YES;
				CLANG_WARN_STRICT_PROTOTYPES = YES;
				CLANG_WARN_SUSPICIOUS_MOVE = YES;
				CLANG_WARN_UNGUARDED_AVAILABILITY = YES_AGGRESSIVE;
				CLANG_WARN_UNREACHABLE_CODE = YES;
				CLANG_WARN__DUPLICATE_METHOD_MATCH = YES;
				CODE_SIGN_IDENTITY = "iPhone Developer";
				COPY_PHASE_STRIP = NO;
				DEBUG_INFORMATION_FORMAT = "dwarf-with-dsym";
				ENABLE_NS_ASSERTIONS = NO;
				ENABLE_STRICT_OBJC_MSGSEND = YES;
				GCC_C_LANGUAGE_STANDARD = gnu11;
				GCC_NO_COMMON_BLOCKS = YES;
				GCC_WARN_64_TO_32_BIT_CONVERSION = YES;
				GCC_WARN_ABOUT_RETURN_TYPE = YES_ERROR;
				GCC_WARN_UNDECLARED_SELECTOR = YES;
				GCC_WARN_UNINITIALIZED_AUTOS = YES_AGGRESSIVE;
				GCC_WARN_UNUSED_FUNCTION = YES;
				GCC_WARN_UNUSED_VARIABLE = YES;
				IPHONEOS_DEPLOYMENT_TARGET = 12.2;
				MTL_ENABLE_DEBUG_INFO = NO;
				MTL_FAST_MATH = YES;
				SDKROOT = iphoneos;
				SWIFT_COMPILATION_MODE = wholemodule;
				SWIFT_OPTIMIZATION_LEVEL = "-O";
				VALIDATE_PRODUCT = YES;
			};
			name = Release;
		};
		B62BD4FD22BF5465002561CB /* Debug */ = {
			isa = XCBuildConfiguration;
			buildSettings = {
				ASSETCATALOG_COMPILER_APPICON_NAME = AppIcon;
				CODE_SIGN_STYLE = Automatic;
				DEVELOPMENT_TEAM = CSK32X7ZQ9;
				INFOPLIST_FILE = IBTest/Info.plist;
				LD_RUNPATH_SEARCH_PATHS = (
					"$(inherited)",
					"@executable_path/Frameworks",
				);
				PRODUCT_BUNDLE_IDENTIFIER = com.snow.IBTest;
				PRODUCT_NAME = "$(TARGET_NAME)";
				SWIFT_VERSION = 5.0;
				TARGETED_DEVICE_FAMILY = "1,2";
			};
			name = Debug;
		};
		B62BD4FE22BF5465002561CB /* Release */ = {
			isa = XCBuildConfiguration;
			buildSettings = {
				ASSETCATALOG_COMPILER_APPICON_NAME = AppIcon;
				CODE_SIGN_STYLE = Automatic;
				DEVELOPMENT_TEAM = CSK32X7ZQ9;
				INFOPLIST_FILE = IBTest/Info.plist;
				LD_RUNPATH_SEARCH_PATHS = (
					"$(inherited)",
					"@executable_path/Frameworks",
				);
				PRODUCT_BUNDLE_IDENTIFIER = com.snow.IBTest;
				PRODUCT_NAME = "$(TARGET_NAME)";
				SWIFT_VERSION = 5.0;
				TARGETED_DEVICE_FAMILY = "1,2";
			};
			name = Release;
		};
/* End XCBuildConfiguration section */

/* Begin XCConfigurationList section */
		B62BD4E222BF5464002561CB /* Build configuration list for PBXProject "IBTest" */ = {
			isa = XCConfigurationList;
			buildConfigurations = (
				B62BD4FA22BF5465002561CB /* Debug */,
				B62BD4FB22BF5465002561CB /* Release */,
			);
			defaultConfigurationIsVisible = 0;
			defaultConfigurationName = Release;
		};
		B62BD4FC22BF5465002561CB /* Build configuration list for PBXNativeTarget "IBTest" */ = {
			isa = XCConfigurationList;
			buildConfigurations = (
				B62BD4FD22BF5465002561CB /* Debug */,
				B62BD4FE22BF5465002561CB /* Release */,
			);
			defaultConfigurationIsVisible = 0;
			defaultConfigurationName = Release;
		};
/* End XCConfigurationList section */

/* Begin XCVersionGroup section */
		B62BD4F122BF5464002561CB /* IBTest.xcdatamodeld */ = {
			isa = XCVersionGroup;
			children = (
				B62BD4F222BF5464002561CB /* IBTest.xcdatamodel */,
			);
			currentVersion = B62BD4F222BF5464002561CB /* IBTest.xcdatamodel */;
			path = IBTest.xcdatamodeld;
			sourceTree = "<group>";
			versionGroupType = wrapper.xcdatamodel;
		};
/* End XCVersionGroup section */
	};
	rootObject = B62BD4DF22BF5464002561CB /* Project object */;
}
